
Microsoft Visual Studio Solution File, Format Version 12.00
# Visual Studio Version 16
VisualStudioVersion = 16.0.33027.164
MinimumVisualStudioVersion = 10.0.40219.1
Project("{8BC9CEB8-8B4A-11D0-8D11-00A0C91BC942}") = "linked list 1", "linked list 1\linked list 1.vcxproj", "{2344723A-CB5E-41EE-A2FD-8EEE49C27036}"
EndProject
Global
	GlobalSection(SolutionConfigurationPlatforms) = preSolution
		Debug|x64 = Debug|x64
		Debug|x86 = Debug|x86
		Release|x64 = Release|x64
		Release|x86 = Release|x86
	EndGlobalSection
	GlobalSection(ProjectConfigurationPlatforms) = postSolution
		{2344723A-CB5E-41EE-A2FD-8EEE49C27036}.Debug|x64.ActiveCfg = Debug|x64
		{2344723A-CB5E-41EE-A2FD-8EEE49C27036}.Debug|x64.Build.0 = Debug|x64
		{2344723A-CB5E-41EE-A2FD-8EEE49C27036}.Debug|x86.ActiveCfg = Debug|Win32
		{2344723A-CB5E-41EE-A2FD-8EEE49C27036}.Debug|x86.Build.0 = Debug|Win32
		{2344723A-CB5E-41EE-A2FD-8EEE49C27036}.Release|x64.ActiveCfg = Release|x64
		{2344723A-CB5E-41EE-A2FD-8EEE49C27036}.Release|x64.Build.0 = Release|x64
		{2344723A-CB5E-41EE-A2FD-8EEE49C27036}.Release|x86.ActiveCfg = Release|Win32
		{2344723A-CB5E-41EE-A2FD-8EEE49C27036}.Release|x86.Build.0 = Release|Win32
	EndGlobalSection
	GlobalSection(SolutionProperties) = preSolution
		HideSolutionNode = FALSE
	EndGlobalSection
	GlobalSection(ExtensibilityGlobals) = postSolution
		SolutionGuid = {11655D88-093F-40D8-986E-D816DDF8E41B}
	EndGlobalSection
EndGlobal
